
Microsoft Visual Studio Solution File, Format Version 12.00
# Visual Studio Version 17
VisualStudioVersion = 17.8.34330.188
MinimumVisualStudioVersion = 10.0.40219.1
Project("{FAE04EC0-301F-11D3-BF4B-00C04F79EFBC}") = "YT_Player", "YT_Player.csproj", "{633DD56D-4A56-4F3E-BDC9-BA5A1E2AEC00}"
EndProject
Global
	GlobalSection(SolutionConfigurationPlatforms) = preSolution
		Debug|Any CPU = Debug|Any CPU
		Debug|x64 = Debug|x64
		Release|Any CPU = Release|Any CPU
		Release|x64 = Release|x64
	EndGlobalSection
	GlobalSection(ProjectConfigurationPlatforms) = postSolution
		{633DD56D-4A56-4F3E-BDC9-BA5A1E2AEC00}.Debug|Any CPU.ActiveCfg = Debug|Any CPU
		{633DD56D-4A56-4F3E-BDC9-BA5A1E2AEC00}.Debug|Any CPU.Build.0 = Debug|Any CPU
		{633DD56D-4A56-4F3E-BDC9-BA5A1E2AEC00}.Debug|x64.ActiveCfg = Debug|x64
		{633DD56D-4A56-4F3E-BDC9-BA5A1E2AEC00}.Debug|x64.Build.0 = Debug|x64
		{633DD56D-4A56-4F3E-BDC9-BA5A1E2AEC00}.Release|Any CPU.ActiveCfg = Release|Any CPU
		{633DD56D-4A56-4F3E-BDC9-BA5A1E2AEC00}.Release|Any CPU.Build.0 = Release|Any CPU
		{633DD56D-4A56-4F3E-BDC9-BA5A1E2AEC00}.Release|x64.ActiveCfg = Release|x64
		{633DD56D-4A56-4F3E-BDC9-BA5A1E2AEC00}.Release|x64.Build.0 = Release|x64
	EndGlobalSection
	GlobalSection(SolutionProperties) = preSolution
		HideSolutionNode = FALSE
	EndGlobalSection
	GlobalSection(ExtensibilityGlobals) = postSolution
		SolutionGuid = {BF93EAB5-BE9E-49E7-BED0-1B7B7F66CF99}
	EndGlobalSection
EndGlobal
